version = 1
revision = 3
requires-python = ">=3.13"

[[package]]
name = "colorama"
version = "0.4.6"
source = { registry = "https://pypi.org/simple" }
sdist = { url = "https://files.pythonhosted.org/packages/d8/53/6f443c9a4a8358a93a6792e2acffb9d9d5cb0a5cfd8802644b7b1c9a02e4/colorama-0.4.6.tar.gz", hash = "sha256:08695f5cb7ed6e0531a20572697297273c47b8cae5a63ffc6d6ed5c201be6e44", size = 27697, upload-time = "2022-10-25T02:36:22.414Z" }
wheels = [
    { url = "https://files.pythonhosted.org/packages/d1/d6/3965ed04c63042e047cb6a3e6ed1a63a35087b6a609aa3a15ed8ac56c221/colorama-0.4.6-py2.py3-none-any.whl", hash = "sha256:4f1d9991f5acc0ca119f9d443620b77f9d6b33703e51011c16baf57afb285fc6", size = 25335, upload-time = "2022-10-25T02:36:20.889Z" },
]

[[package]]
name = "coverage"
version = "7.14.3"
source = { registry = "https://pypi.org/simple" }
sdist = { url = "https://files.pythonhosted.org/packages/b4/91/0a7c28934e50d8ac9a7b117712d176f2953c3170bccced5eaacfa3e96175/coverage-7.14.3.tar.gz", hash = "sha256:1a7563a443f3d53fdeb040ec8c9f7466aed7ca3dc5891aa09d3ca3625fa4387f", size = 924398, upload-time = "2026-06-22T23:10:25.584Z" }
wheels = [
    { url = "https://files.pythonhosted.org/packages/a9/83/7fefbf5df23ed2b7f489907564a7b34b9b07098128e12e0fdfa92626e456/coverage-7.14.3-cp313-cp313-macosx_10_13_x86_64.whl", hash = "sha256:47968988b367990ae4ab17523790c38cd125e02c6bfd379b6022be2d40bdc38c", size = 220699, upload-time = "2026-06-22T23:08:53.522Z" },
    { url = "https://files.pythonhosted.org/packages/31/e6/38c3653ff6d56d704b29241362387ca824e38e15b76fdcb7096538195790/coverage-7.14.3-cp313-cp313-macosx_11_0_arm64.whl", hash = "sha256:0ee68f5c34812780f3a7063382c0a9fcbb99985b7ddcdcaa626e4f3fb2e0783a", size = 221068, upload-time = "2026-06-22T23:08:55.571Z" },
    { url = "https://files.pythonhosted.org/packages/20/86/4f5c45d51c5cd10a128933f0fd235393c9146abbfd2ce2dfa68b3267ead3/coverage-7.14.3-cp313-cp313-manylinux1_i686.manylinux_2_28_i686.manylinux_2_5_i686.whl", hash = "sha256:fa9e5c6857a7e80fa22ace5cf3550ae392bbfc322f1d8dd2d2d5a8be38cec027", size = 252060, upload-time = "2026-06-22T23:08:57.464Z" },
    { url = "https://files.pythonhosted.org/packages/82/50/dfce42eff2cecabcd5a9bbad5489449c87db3415f408d23ffee417ce01f6/coverage-7.14.3-cp313-cp313-manylinux1_x86_64.manylinux_2_28_x86_64.manylinux_2_5_x86_64.whl", hash = "sha256:98a0859b0e98e43e1178a9402e19c8127766b14f7109a374d976e5a62c0e5c73", size = 254657, upload-time = "2026-06-22T23:08:59.453Z" },
    { url = "https://files.pythonhosted.org/packages/ba/d2/639ceb1bc8038fd0d66768278d5dc22df3391918b8278c2a21aa2602a531/coverage-7.14.3-cp313-cp313-manylinux2014_aarch64.manylinux_2_17_aarch64.manylinux_2_28_aarch64.whl", hash = "sha256:69918344541ed9c8368566c2adc03c0e33d4550d7faa87d1b35e49b6a3286ea9", size = 255892, upload-time = "2026-06-22T23:09:01.291Z" },
    { url = "https://files.pythonhosted.org/packages/8b/96/002094a10e113512500dc1e10430a449417e17b0f90f7d496bcb820208b7/coverage-7.14.3-cp313-cp313-manylinux2014_ppc64le.manylinux_2_17_ppc64le.manylinux_2_28_ppc64le.whl", hash = "sha256:b7f300ac92cd4b570724c8ffbbd0c130fee298d2447f41d5a3abf58976fae1de", size = 258026, upload-time = "2026-06-22T23:09:03.017Z" },
    { url = "https://files.pythonhosted.org/packages/0b/ec/286a5d2fad9c4bee59bd724feeb7d5bf8303c6c9200b51d1dd945a9c72b0/coverage-7.14.3-cp313-cp313-manylinux_2_31_riscv64.manylinux_2_39_riscv64.whl", hash = "sha256:11a7ec9f97ab950f4c5af62229befc7faf208fdbc0116d3902d7e306cf2c5abd", size = 252285, upload-time = "2026-06-22T23:09:04.773Z" },
    { url = "https://files.pythonhosted.org/packages/d9/7d/a17753a0b12dd48d0d50f5fab079ad99d3be1eac790494d89f3a417ca0b9/coverage-7.14.3-cp313-cp313-musllinux_1_2_aarch64.whl", hash = "sha256:a571bd889cd36c5922ce8e42e059f9d37d02301531d11374afa4c87a578625d5", size = 254023, upload-time = "2026-06-22T23:09:06.513Z" },
    { url = "https://files.pythonhosted.org/packages/86/ef/a76c6ceba6a2c313f905310abf2701d534cada22d372db11731831e9e209/coverage-7.14.3-cp313-cp313-musllinux_1_2_i686.whl", hash = "sha256:de76caefc8deabb0dd1678b6a980be97d14c8d87e213ac194dbf8b09e96d63fb", size = 251989, upload-time = "2026-06-22T23:09:08.382Z" },
    { url = "https://files.pythonhosted.org/packages/d9/39/353013a75fec0fb49f7553519f9d52b4441e902e5178c93f38eb6c07cedb/coverage-7.14.3-cp313-cp313-musllinux_1_2_ppc64le.whl", hash = "sha256:d20a15c622194234161535459affa8f7905830391c9ccfa060d495dbfe3a1c7f", size = 256144, upload-time = "2026-06-22T23:09:10.369Z" },
    { url = "https://files.pythonhosted.org/packages/29/0e/613878555d734def11c5b20a2701a15cb3781b9e9ea749da27c5f436e928/coverage-7.14.3-cp313-cp313-musllinux_1_2_riscv64.whl", hash = "sha256:b488bd4b23397db62e7a9459129d01ff06a846582a732efd24834b24a6ada498", size = 251808, upload-time = "2026-06-22T23:09:12.057Z" },
    { url = "https://files.pythonhosted.org/packages/af/76/359c058c9cfdcf1e8b107663881225b03b364a320017eda24a2a66e55102/coverage-7.14.3-cp313-cp313-musllinux_1_2_x86_64.whl", hash = "sha256:6a3693b4153394d265f44fb855fdc80e72403024d4d6f91c4871b334d028e4e0", size = 253579, upload-time = "2026-06-22T23:09:13.858Z" },
    { url = "https://files.pythonhosted.org/packages/1d/d9/4ba2f060933a30ebe363cef9f67a365b0a317e580c0d5d9169d56a73ef1c/coverage-7.14.3-cp313-cp313-win32.whl", hash = "sha256:338b19131ab1a6b767b462bfcbaa692e7ae22f24463e39d49b02a83410ff6b37", size = 222741, upload-time = "2026-06-22T23:09:15.636Z" },
    { url = "https://files.pythonhosted.org/packages/76/e8/196ebc25d8f34c06d43a6e9c8513c9266ef8dbf3b5672beb1a00cf5e29fa/coverage-7.14.3-cp313-cp313-win_amd64.whl", hash = "sha256:b3d77f7f196abdef7e01415de1bce09f216189e83e58159cfeef2b92d0464994", size = 223283, upload-time = "2026-06-22T23:09:17.478Z" },
    { url = "https://files.pythonhosted.org/packages/7c/af/51d2aac6417523a286f10fb25f09eb9518a84df9f1151e93ff6871f34849/coverage-7.14.3-cp313-cp313-win_arm64.whl", hash = "sha256:e6230e688c7c3e65cedd41a774eb4ec221adc6bfee13768231015b702d5e4150", size = 222678, upload-time = "2026-06-22T23:09:19.7Z" },
    { url = "https://files.pythonhosted.org/packages/61/56/14e3b97facbfa1304dd19e676e26599ad359f04714bed32f7f1c5a88efdc/coverage-7.14.3-cp314-cp314-macosx_10_15_x86_64.whl", hash = "sha256:605ab2b566a22bd94834529d66d295c364aba84afd3e5498285c7a524017b1fc", size = 220741, upload-time = "2026-06-22T23:09:21.616Z" },
    { url = "https://files.pythonhosted.org/packages/12/1d/db378b5cca433b90b893f26dab728b280ddd89f272a1fdfed4aeaa05c686/coverage-7.14.3-cp314-cp314-macosx_11_0_arm64.whl", hash = "sha256:a3c2134809e80fac091bfed18a6991b5a5eb5df5ae32b17ac4f4f99864b73dd7", size = 221068, upload-time = "2026-06-22T23:09:23.452Z" },
    { url = "https://files.pythonhosted.org/packages/47/f0/3f8421b20d9c4fcd39be9a8ca3c3fda8bc204b44efbd09fede153afd3e2f/coverage-7.14.3-cp314-cp314-manylinux1_i686.manylinux_2_28_i686.manylinux_2_5_i686.whl", hash = "sha256:c02efd507227bde9969cab0db8f48890eb3b5dcad6afac57a4792df4133543ce", size = 252117, upload-time = "2026-06-22T23:09:25.458Z" },
    { url = "https://files.pythonhosted.org/packages/27/ca/59ea35fb99743549ec8b37eff141ece4431fea590c89e536ed8032ef45cf/coverage-7.14.3-cp314-cp314-manylinux1_x86_64.manylinux_2_28_x86_64.manylinux_2_5_x86_64.whl", hash = "sha256:1bb93c2aa61d2a5b38f1526546d95cf4132cb681e541a337bf8dfd092be816e5", size = 254622, upload-time = "2026-06-22T23:09:27.523Z" },
    { url = "https://files.pythonhosted.org/packages/c8/25/ec6de51ae7493b92a1cf74d1b763121c29636759167e2a593ba4db5881e4/coverage-7.14.3-cp314-cp314-manylinux2014_aarch64.manylinux_2_17_aarch64.manylinux_2_28_aarch64.whl", hash = "sha256:f502e948e03e866538048bba081c075caaa62e5bda6ea5b7432e45f587eb462a", size = 255968, upload-time = "2026-06-22T23:09:29.43Z" },
    { url = "https://files.pythonhosted.org/packages/5d/05/c8bfc77823f42b4664fb25842f13b567022f6f84a4c83c8ecbb16734b7cb/coverage-7.14.3-cp314-cp314-manylinux2014_ppc64le.manylinux_2_17_ppc64le.manylinux_2_28_ppc64le.whl", hash = "sha256:9973ef2463f8e6cfb61a6324126bb3e17d67a85f22f58d856e583ea2e3ca6501", size = 258284, upload-time = "2026-06-22T23:09:31.397Z" },
    { url = "https://files.pythonhosted.org/packages/f6/15/1d1b242027124a32b26ef01f82018b8c4ef34ef174aa6aeba7b1eeef48e8/coverage-7.14.3-cp314-cp314-manylinux_2_31_riscv64.manylinux_2_39_riscv64.whl", hash = "sha256:9be4e7d4c5ca0427889f8f9d614bd630c2be741b1de7699bca3b2b6c0e41003e", size = 252143, upload-time = "2026-06-22T23:09:33.256Z" },
    { url = "https://files.pythonhosted.org/packages/74/b6/d2a9842fd2a5d7d27f1ac851c043a734a494ad75402c5331db3da79ed691/coverage-7.14.3-cp314-cp314-musllinux_1_2_aarch64.whl", hash = "sha256:a574912f3bde4b0619f6e97d01aa590b70998859244793769eb3a6df78ee56d3", size = 253976, upload-time = "2026-06-22T23:09:35.351Z" },
    { url = "https://files.pythonhosted.org/packages/fd/30/e1600ddf7e226db5558bb5323d2186fff00f505c4b764643ec89ce5d8175/coverage-7.14.3-cp314-cp314-musllinux_1_2_i686.whl", hash = "sha256:e343fb086c9cd780b38622fea7c369acd64c1a0724312149b5d769c387a2b1f5", size = 251942, upload-time = "2026-06-22T23:09:37.313Z" },
    { url = "https://files.pythonhosted.org/packages/d9/2c/9159de64f9dd648e324328d588a44cfab1e331eb5259ce1141afe2a92dfb/coverage-7.14.3-cp314-cp314-musllinux_1_2_ppc64le.whl", hash = "sha256:3c68df8e61f1e09633fefc7538297145623957a048534368c9d212782aa5e845", size = 256220, upload-time = "2026-06-22T23:09:39.165Z" },
    { url = "https://files.pythonhosted.org/packages/91/67/b7f536cc2c124f48e91b22fbb741d2261f4e3d310faf6f76007f47566e5d/coverage-7.14.3-cp314-cp314-musllinux_1_2_riscv64.whl", hash = "sha256:3e5b550a128419373c2f6cec28a244207013ef15f5cbcff6a5ca09d1dfaaf027", size = 251756, upload-time = "2026-06-22T23:09:41.056Z" },
    { url = "https://files.pythonhosted.org/packages/dd/ec/f3718038e2d4860c715a55428377ca7f6c75872caf98cabd982e1d76967d/coverage-7.14.3-cp314-cp314-musllinux_1_2_x86_64.whl", hash = "sha256:2bfc4dd0a912329eccc7484a7d0b2a38032b38c40663b1e1ac595f10c457954b", size = 253413, upload-time = "2026-06-22T23:09:43.306Z" },
    { url = "https://files.pythonhosted.org/packages/b8/a5/91f11efeef89b3cc9b30461128db15b0511ef813ab889a7b7ab636b3a497/coverage-7.14.3-cp314-cp314-win32.whl", hash = "sha256:0423d64c013057a06e70f070f073cec4b0cbc7d2b27f3c7007292f2ff1d52965", size = 222946, upload-time = "2026-06-22T23:09:45.261Z" },
    { url = "https://files.pythonhosted.org/packages/58/fd/98ac9f524d9ec378de831c034dbdeb544ca7ef7d2d9c9996daf232a037fd/coverage-7.14.3-cp314-cp314-win_amd64.whl", hash = "sha256:92c22e19ce64ca3f2ad751f16f14df1468b4c231bd6af97185063a9c292a0cb3", size = 223436, upload-time = "2026-06-22T23:09:47.177Z" },
    { url = "https://files.pythonhosted.org/packages/b4/a0/7cd612d650a772a0ae80144443406bf61981c896c3d57c9e6e79fb2cdbd1/coverage-7.14.3-cp314-cp314-win_arm64.whl", hash = "sha256:41de778bd41780586e2b04912079c73089ab5d839624e28db3bdb26de638da92", size = 222861, upload-time = "2026-06-22T23:09:49.384Z" },
    { url = "https://files.pythonhosted.org/packages/55/57/017353fab573779c0d00448e47d102edd36c792f7b6f233a4d89a7a08384/coverage-7.14.3-cp314-cp314t-macosx_10_15_x86_64.whl", hash = "sha256:8427f370ca67db4c975d2a26acfc0e5783ca0b52444dbc50278ace0f35445949", size = 221474, upload-time = "2026-06-22T23:09:51.417Z" },
    { url = "https://files.pythonhosted.org/packages/69/92/90cf1f1a5c468a9c1b7ba2716e0e205293ad9b02f5f573a6de4318b15ba1/coverage-7.14.3-cp314-cp314t-macosx_11_0_arm64.whl", hash = "sha256:d8e88f335544a47e22ae2e45b344772925ec65166555c958720d5ed971880891", size = 221738, upload-time = "2026-06-22T23:09:53.487Z" },
    { url = "https://files.pythonhosted.org/packages/a4/c0/4df964fa539f8399fd7679c09c472d73744de334686fd3f01e3a2465ce4e/coverage-7.14.3-cp314-cp314t-manylinux1_i686.manylinux_2_28_i686.manylinux_2_5_i686.whl", hash = "sha256:beaab199b9e5ceaf5a225e16a9d4df136f2a1eae0a5c20de1e277c8a5225f388", size = 263101, upload-time = "2026-06-22T23:09:55.895Z" },
    { url = "https://files.pythonhosted.org/packages/06/76/e5d33b2576ae3bf2be2058cd1cae57774b61e400f2c3c58f3783dc2ffb4a/coverage-7.14.3-cp314-cp314t-manylinux1_x86_64.manylinux_2_28_x86_64.manylinux_2_5_x86_64.whl", hash = "sha256:b3ff255799f5a1676c71c1c32ec01fd043aa09d57b3d95764b24992757184784", size = 265225, upload-time = "2026-06-22T23:09:57.904Z" },
    { url = "https://files.pythonhosted.org/packages/61/d2/e52419afe391a39ba27fdefaf0737d8e34bf03faef6ab3b3006545bbd0d0/coverage-7.14.3-cp314-cp314t-manylinux2014_aarch64.manylinux_2_17_aarch64.manylinux_2_28_aarch64.whl", hash = "sha256:878832eaac515b62decfa76965aed558775f86bf1fc8cca76993c0c84ae31aed", size = 267643, upload-time = "2026-06-22T23:09:59.938Z" },
    { url = "https://files.pythonhosted.org/packages/58/7a/f2625d8d5006b6b20fba5afaef00b24a763fe96476ea798a3076cbc1f84e/coverage-7.14.3-cp314-cp314t-manylinux2014_ppc64le.manylinux_2_17_ppc64le.manylinux_2_28_ppc64le.whl", hash = "sha256:611e62cb9386096d81b63e0a05330750268617231e7bd598e1fe77482a2c58a5", size = 268762, upload-time = "2026-06-22T23:10:01.943Z" },
    { url = "https://files.pythonhosted.org/packages/7d/bf/908024006bba57127354d74e938954b9c3cd765cc2e0412dc9c37b415cda/coverage-7.14.3-cp314-cp314t-manylinux_2_31_riscv64.manylinux_2_39_riscv64.whl", hash = "sha256:02c41de2a88011b893050fc9830267d927a50a215f7ad5ec17349db7090ccf26", size = 262208, upload-time = "2026-06-22T23:10:03.954Z" },
    { url = "https://files.pythonhosted.org/packages/34/a0/d4f9296441b909817442fdb26bd77a698f08272ec683a7394b00eb2e47a0/coverage-7.14.3-cp314-cp314t-musllinux_1_2_aarch64.whl", hash = "sha256:526ce9721116af23b1065089f0b75046fe521e7772ab94b641cd66b7a0421889", size = 265096, upload-time = "2026-06-22T23:10:05.936Z" },
    { url = "https://files.pythonhosted.org/packages/e8/da/4ae4f3f4e477b56a4ce1e5c48a35eff38a94b50130ce5bdc897024741cfc/coverage-7.14.3-cp314-cp314t-musllinux_1_2_i686.whl", hash = "sha256:e4ed44705ca4bead6fc977a8b741f2145608289b33c8a9b42a95d0f15aedbf4d", size = 262699, upload-time = "2026-06-22T23:10:07.973Z" },
    { url = "https://files.pythonhosted.org/packages/d8/7a/6927148073ff32856d78baa77b4ddc07a9be7e90020f9db0661c4ca523a1/coverage-7.14.3-cp314-cp314t-musllinux_1_2_ppc64le.whl", hash = "sha256:2415902f385a23dcc4ccd26e0ba803249a169af6a930c003a4c715eeb9a5444e", size = 266433, upload-time = "2026-06-22T23:10:10.145Z" },
    { url = "https://files.pythonhosted.org/packages/f7/a7/774f658dbe9c4c3f5daa86a87e0459ac3832e4e3cc67affe078547f727b9/coverage-7.14.3-cp314-cp314t-musllinux_1_2_riscv64.whl", hash = "sha256:b75ee850fc2d7c831e883220c445b035f2224de2ba6103f1e56dbd237ab913f7", size = 261547, upload-time = "2026-06-22T23:10:12.191Z" },
    { url = "https://files.pythonhosted.org/packages/3d/14/a0c18c0376c43cbf973f43ef6ca20019c950597180e6396232f7b6a27102/coverage-7.14.3-cp314-cp314t-musllinux_1_2_x86_64.whl", hash = "sha256:dc9b4e35e7c3920e925ba7f14886fd5fbe481232754624e832ddba66c7535635", size = 263859, upload-time = "2026-06-22T23:10:14.492Z" },
    { url = "https://files.pythonhosted.org/packages/10/ac/43a3d0f460af524b131a6191805bc5d18b806ab4e828fbf82e8c8c3af446/coverage-7.14.3-cp314-cp314t-win32.whl", hash = "sha256:7b27c822a8161afbe48e99f1adfb098d270ae7e0f7d7b0555ce110529bdb69cc", size = 223250, upload-time = "2026-06-22T23:10:16.758Z" },
    { url = "https://files.pythonhosted.org/packages/3f/5f/d5e5c56b0712e96ce8f69fe7dbf229ff938b437bc50862743c8a0d2cea84/coverage-7.14.3-cp314-cp314t-win_amd64.whl", hash = "sha256:39e1dbbb6ff2c338e0196a482558a792a1de3aa64261196f5cdb3da016ad9cda", size = 224082, upload-time = "2026-06-22T23:10:19.23Z" },
    { url = "https://files.pythonhosted.org/packages/62/35/947cbd5be1d3bcbbdc43d6791de8a56c6501903311d42915ae06a82815f0/coverage-7.14.3-cp314-cp314t-win_arm64.whl", hash = "sha256:68520c90babfa2d560eca6d497921ed3a4f469623bd709733124491b2aa8ef3f", size = 223400, upload-time = "2026-06-22T23:10:21.24Z" },
    { url = "https://files.pythonhosted.org/packages/eb/e3/a0aa32bfa3a081951f60a23bc0e7b512891ef0eecda1153cf1d8ba36c6b1/coverage-7.14.3-py3-none-any.whl", hash = "sha256:fb7e18afb6e903c1a92401a2f0501ac277dca527bb9ca6fe1f691a8a0026a0e8", size = 212469, upload-time = "2026-06-22T23:10:23.405Z" },
]

[[package]]
name = "exceptiongroup"
version = "1.2.2"
source = { registry = "https://pypi.org/simple" }
sdist = { url = "https://files.pythonhosted.org/packages/09/35/2495c4ac46b980e4ca1f6ad6db102322ef3ad2410b79fdde159a4b0f3b92/exceptiongroup-1.2.2.tar.gz", hash = "sha256:47c2edf7c6738fafb49fd34290706d1a1a2f4d1c6df275526b62cbb4aa5393cc", size = 28883, upload-time = "2024-07-12T22:26:00.161Z" }
wheels = [
    { url = "https://files.pythonhosted.org/packages/02/cc/b7e31358aac6ed1ef2bb790a9746ac2c69bcb3c8588b41616914eb106eaf/exceptiongroup-1.2.2-py3-none-any.whl", hash = "sha256:3111b9d131c238bec2f8f516e123e14ba243563fb135d3fe885990585aa7795b", size = 16453, upload-time = "2024-07-12T22:25:58.476Z" },
]

[[package]]
name = "iniconfig"
version = "2.0.0"
source = { registry = "https://pypi.org/simple" }
sdist = { url = "https://files.pythonhosted.org/packages/d7/4b/cbd8e699e64a6f16ca3a8220661b5f83792b3017d0f79807cb8708d33913/iniconfig-2.0.0.tar.gz", hash = "sha256:2d91e135bf72d31a410b17c16da610a82cb55f6b0477d1a902134b24a455b8b3", size = 4646, upload-time = "2023-01-07T11:08:11.254Z" }
wheels = [
    { url = "https://files.pythonhosted.org/packages/ef/a6/62565a6e1cf69e10f5727360368e451d4b7f58beeac6173dc9db836a5b46/iniconfig-2.0.0-py3-none-any.whl", hash = "sha256:b6a85871a79d2e3b22d2d1b94ac2824226a63c6b741c88f7ae975f18b6778374", size = 5892, upload-time = "2023-01-07T11:08:09.864Z" },
]

[[package]]
name = "numpy"
version = "2.2.3"
source = { registry = "https://pypi.org/simple" }
sdist = { url = "https://files.pythonhosted.org/packages/fb/90/8956572f5c4ae52201fdec7ba2044b2c882832dcec7d5d0922c9e9acf2de/numpy-2.2.3.tar.gz", hash = "sha256:dbdc15f0c81611925f382dfa97b3bd0bc2c1ce19d4fe50482cb0ddc12ba30020", size = 20262700, upload-time = "2025-02-13T17:17:41.558Z" }
wheels = [
    { url = "https://files.pythonhosted.org/packages/0e/8b/88b98ed534d6a03ba8cddb316950fe80842885709b58501233c29dfa24a9/numpy-2.2.3-cp313-cp313-macosx_10_13_x86_64.whl", hash = "sha256:7bfdb06b395385ea9b91bf55c1adf1b297c9fdb531552845ff1d3ea6e40d5aba", size = 20916001, upload-time = "2025-02-13T16:51:52.612Z" },
    { url = "https://files.pythonhosted.org/packages/d9/b4/def6ec32c725cc5fbd8bdf8af80f616acf075fe752d8a23e895da8c67b70/numpy-2.2.3-cp313-cp313-macosx_11_0_arm64.whl", hash = "sha256:23c9f4edbf4c065fddb10a4f6e8b6a244342d95966a48820c614891e5059bb50", size = 14130721, upload-time = "2025-02-13T16:52:31.998Z" },
    { url = "https://files.pythonhosted.org/packages/20/60/70af0acc86495b25b672d403e12cb25448d79a2b9658f4fc45e845c397a8/numpy-2.2.3-cp313-cp313-macosx_14_0_arm64.whl", hash = "sha256:a0c03b6be48aaf92525cccf393265e02773be8fd9551a2f9adbe7db1fa2b60f1", size = 5130999, upload-time = "2025-02-13T16:52:41.545Z" },
    { url = "https://files.pythonhosted.org/packages/2e/69/d96c006fb73c9a47bcb3611417cf178049aae159afae47c48bd66df9c536/numpy-2.2.3-cp313-cp313-macosx_14_0_x86_64.whl", hash = "sha256:2376e317111daa0a6739e50f7ee2a6353f768489102308b0d98fcf4a04f7f3b5", size = 6665299, upload-time = "2025-02-13T16:52:54.96Z" },
    { url = "https://files.pythonhosted.org/packages/5a/3f/d8a877b6e48103733ac224ffa26b30887dc9944ff95dffdfa6c4ce3d7df3/numpy-2.2.3-cp313-cp313-manylinux_2_17_aarch64.manylinux2014_aarch64.whl", hash = "sha256:8fb62fe3d206d72fe1cfe31c4a1106ad2b136fcc1606093aeab314f02930fdf2", size = 14064096, upload-time = "2025-02-13T16:53:29.678Z" },
    { url = "https://files.pythonhosted.org/packages/e4/43/619c2c7a0665aafc80efca465ddb1f260287266bdbdce517396f2f145d49/numpy-2.2.3-cp313-cp313-manylinux_2_17_x86_64.manylinux2014_x86_64.whl", hash = "sha256:52659ad2534427dffcc36aac76bebdd02b67e3b7a619ac67543bc9bfe6b7cdb1", size = 16114758, upload-time = "2025-02-13T16:54:03.466Z" },
    { url = "https://files.pythonhosted.org/packages/d9/79/ee4fe4f60967ccd3897aa71ae14cdee9e3c097e3256975cc9575d393cb42/numpy-2.2.3-cp313-cp313-musllinux_1_2_aarch64.whl", hash = "sha256:1b416af7d0ed3271cad0f0a0d0bee0911ed7eba23e66f8424d9f3dfcdcae1304", size = 15259880, upload-time = "2025-02-13T16:54:26.744Z" },
    { url = "https://files.pythonhosted.org/packages/fb/c8/8b55cf05db6d85b7a7d414b3d1bd5a740706df00bfa0824a08bf041e52ee/numpy-2.2.3-cp313-cp313-musllinux_1_2_x86_64.whl", hash = "sha256:1402da8e0f435991983d0a9708b779f95a8c98c6b18a171b9f1be09005e64d9d", size = 17876721, upload-time = "2025-02-13T16:54:53.751Z" },
    { url = "https://files.pythonhosted.org/packages/21/d6/b4c2f0564b7dcc413117b0ffbb818d837e4b29996b9234e38b2025ed24e7/numpy-2.2.3-cp313-cp313-win32.whl", hash = "sha256:136553f123ee2951bfcfbc264acd34a2fc2f29d7cdf610ce7daf672b6fbaa693", size = 6290195, upload-time = "2025-02-13T16:58:31.683Z" },
    { url = "https://files.pythonhosted.org/packages/97/e7/7d55a86719d0de7a6a597949f3febefb1009435b79ba510ff32f05a8c1d7/numpy-2.2.3-cp313-cp313-win_amd64.whl", hash = "sha256:5b732c8beef1d7bc2d9e476dbba20aaff6167bf205ad9aa8d30913859e82884b", size = 12619013, upload-time = "2025-02-13T16:58:50.693Z" },
    { url = "https://files.pythonhosted.org/packages/a6/1f/0b863d5528b9048fd486a56e0b97c18bf705e88736c8cea7239012119a54/numpy-2.2.3-cp313-cp313t-macosx_10_13_x86_64.whl", hash = "sha256:435e7a933b9fda8126130b046975a968cc2d833b505475e588339e09f7672890", size = 20944621, upload-time = "2025-02-13T16:55:27.593Z" },
    { url = "https://files.pythonhosted.org/packages/aa/99/b478c384f7a0a2e0736177aafc97dc9152fc036a3fdb13f5a3ab225f1494/numpy-2.2.3-cp313-cp313t-macosx_11_0_arm64.whl", hash = "sha256:7678556eeb0152cbd1522b684dcd215250885993dd00adb93679ec3c0e6e091c", size = 14142502, upload-time = "2025-02-13T16:55:52.039Z" },
    { url = "https://files.pythonhosted.org/packages/fb/61/2d9a694a0f9cd0a839501d362de2a18de75e3004576a3008e56bdd60fcdb/numpy-2.2.3-cp313-cp313t-macosx_14_0_arm64.whl", hash = "sha256:2e8da03bd561504d9b20e7a12340870dfc206c64ea59b4cfee9fceb95070ee94", size = 5176293, upload-time = "2025-02-13T16:56:01.372Z" },
    { url = "https://files.pythonhosted.org/packages/33/35/51e94011b23e753fa33f891f601e5c1c9a3d515448659b06df9d40c0aa6e/numpy-2.2.3-cp313-cp313t-macosx_14_0_x86_64.whl", hash = "sha256:c9aa4496fd0e17e3843399f533d62857cef5900facf93e735ef65aa4bbc90ef0", size = 6691874, upload-time = "2025-02-13T16:56:12.842Z" },
    { url = "https://files.pythonhosted.org/packages/ff/cf/06e37619aad98a9d03bd8d65b8e3041c3a639be0f5f6b0a0e2da544538d4/numpy-2.2.3-cp313-cp313t-manylinux_2_17_aarch64.manylinux2014_aarch64.whl", hash = "sha256:f4ca91d61a4bf61b0f2228f24bbfa6a9facd5f8af03759fe2a655c50ae2c6610", size = 14036826, upload-time = "2025-02-13T16:56:33.453Z" },
    { url = "https://files.pythonhosted.org/packages/0c/93/5d7d19955abd4d6099ef4a8ee006f9ce258166c38af259f9e5558a172e3e/numpy-2.2.3-cp313-cp313t-manylinux_2_17_x86_64.manylinux2014_x86_64.whl", hash = "sha256:deaa09cd492e24fd9b15296844c0ad1b3c976da7907e1c1ed3a0ad21dded6f76", size = 16096567, upload-time = "2025-02-13T16:56:58.035Z" },
    { url = "https://files.pythonhosted.org/packages/af/53/d1c599acf7732d81f46a93621dab6aa8daad914b502a7a115b3f17288ab2/numpy-2.2.3-cp313-cp313t-musllinux_1_2_aarch64.whl", hash = "sha256:246535e2f7496b7ac85deffe932896a3577be7af8fb7eebe7146444680297e9a", size = 15242514, upload-time = "2025-02-13T16:57:22.124Z" },
    { url = "https://files.pythonhosted.org/packages/53/43/c0f5411c7b3ea90adf341d05ace762dad8cb9819ef26093e27b15dd121ac/numpy-2.2.3-cp313-cp313t-musllinux_1_2_x86_64.whl", hash = "sha256:daf43a3d1ea699402c5a850e5313680ac355b4adc9770cd5cfc2940e7861f1bf", size = 17872920, upload-time = "2025-02-13T16:57:49.308Z" },
    { url = "https://files.pythonhosted.org/packages/5b/57/6dbdd45ab277aff62021cafa1e15f9644a52f5b5fc840bc7591b4079fb58/numpy-2.2.3-cp313-cp313t-win32.whl", hash = "sha256:cf802eef1f0134afb81fef94020351be4fe1d6681aadf9c5e862af6602af64ef", size = 6346584, upload-time = "2025-02-13T16:58:02.02Z" },
    { url = "https://files.pythonhosted.org/packages/97/9b/484f7d04b537d0a1202a5ba81c6f53f1846ae6c63c2127f8df869ed31342/numpy-2.2.3-cp313-cp313t-win_amd64.whl", hash = "sha256:aee2512827ceb6d7f517c8b85aa5d3923afe8fc7a57d028cffcd522f1c6fd082", size = 12706784, upload-time = "2025-02-13T16:58:21.038Z" },
]

[[package]]
name = "packaging"
version = "24.2"
source = { registry = "https://pypi.org/simple" }
sdist = { url = "https://files.pythonhosted.org/packages/d0/63/68dbb6eb2de9cb10ee4c9c14a0148804425e13c4fb20d61cce69f53106da/packaging-24.2.tar.gz", hash = "sha256:c228a6dc5e932d346bc5739379109d49e8853dd8223571c7c5b55260edc0b97f", size = 163950, upload-time = "2024-11-08T09:47:47.202Z" }
wheels = [
    { url = "https://files.pythonhosted.org/packages/88/ef/eb23f262cca3c0c4eb7ab1933c3b1f03d021f2c48f54763065b6f0e321be/packaging-24.2-py3-none-any.whl", hash = "sha256:09abb1bccd265c01f4a3aa3f7a7db064b36514d2cba19a2f694fe6150451a759", size = 65451, upload-time = "2024-11-08T09:47:44.722Z" },
]

[[package]]
name = "pandas"
version = "2.2.3"
source = { registry = "https://pypi.org/simple" }
dependencies = [
    { name = "numpy" },
    { name = "python-dateutil" },
    { name = "pytz" },
    { name = "tzdata" },
]
sdist = { url = "https://files.pythonhosted.org/packages/9c/d6/9f8431bacc2e19dca897724cd097b1bb224a6ad5433784a44b587c7c13af/pandas-2.2.3.tar.gz", hash = "sha256:4f18ba62b61d7e192368b84517265a99b4d7ee8912f8708660fb4a366cc82667", size = 4399213, upload-time = "2024-09-20T13:10:04.827Z" }
wheels = [
    { url = "https://files.pythonhosted.org/packages/64/22/3b8f4e0ed70644e85cfdcd57454686b9057c6c38d2f74fe4b8bc2527214a/pandas-2.2.3-cp313-cp313-macosx_10_13_x86_64.whl", hash = "sha256:f00d1345d84d8c86a63e476bb4955e46458b304b9575dcf71102b5c705320015", size = 12477643, upload-time = "2024-09-20T13:09:25.522Z" },
    { url = "https://files.pythonhosted.org/packages/e4/93/b3f5d1838500e22c8d793625da672f3eec046b1a99257666c94446969282/pandas-2.2.3-cp313-cp313-macosx_11_0_arm64.whl", hash = "sha256:3508d914817e153ad359d7e069d752cdd736a247c322d932eb89e6bc84217f28", size = 11281573, upload-time = "2024-09-20T13:09:28.012Z" },
    { url = "https://files.pythonhosted.org/packages/f5/94/6c79b07f0e5aab1dcfa35a75f4817f5c4f677931d4234afcd75f0e6a66ca/pandas-2.2.3-cp313-cp313-manylinux2014_aarch64.manylinux_2_17_aarch64.whl", hash = "sha256:22a9d949bfc9a502d320aa04e5d02feab689d61da4e7764b62c30b991c42c5f0", size = 15196085, upload-time = "2024-09-20T19:02:10.451Z" },
    { url = "https://files.pythonhosted.org/packages/e8/31/aa8da88ca0eadbabd0a639788a6da13bb2ff6edbbb9f29aa786450a30a91/pandas-2.2.3-cp313-cp313-manylinux_2_17_x86_64.manylinux2014_x86_64.whl", hash = "sha256:f3a255b2c19987fbbe62a9dfd6cff7ff2aa9ccab3fc75218fd4b7530f01efa24", size = 12711809, upload-time = "2024-09-20T13:09:30.814Z" },
    { url = "https://files.pythonhosted.org/packages/ee/7c/c6dbdb0cb2a4344cacfb8de1c5808ca885b2e4dcfde8008266608f9372af/pandas-2.2.3-cp313-cp313-musllinux_1_2_aarch64.whl", hash = "sha256:800250ecdadb6d9c78eae4990da62743b857b470883fa27f652db8bdde7f6659", size = 16356316, upload-time = "2024-09-20T19:02:13.825Z" },
    { url = "https://files.pythonhosted.org/packages/57/b7/8b757e7d92023b832869fa8881a992696a0bfe2e26f72c9ae9f255988d42/pandas-2.2.3-cp313-cp313-musllinux_1_2_x86_64.whl", hash = "sha256:6374c452ff3ec675a8f46fd9ab25c4ad0ba590b71cf0656f8b6daa5202bca3fb", size = 14022055, upload-time = "2024-09-20T13:09:33.462Z" },
    { url = "https://files.pythonhosted.org/packages/3b/bc/4b18e2b8c002572c5a441a64826252ce5da2aa738855747247a971988043/pandas-2.2.3-cp313-cp313-win_amd64.whl", hash = "sha256:61c5ad4043f791b61dd4752191d9f07f0ae412515d59ba8f005832a532f8736d", size = 11481175, upload-time = "2024-09-20T13:09:35.871Z" },
    { url = "https://files.pythonhosted.org/packages/76/a3/a5d88146815e972d40d19247b2c162e88213ef51c7c25993942c39dbf41d/pandas-2.2.3-cp313-cp313t-macosx_10_13_x86_64.whl", hash = "sha256:3b71f27954685ee685317063bf13c7709a7ba74fc996b84fc6821c59b0f06468", size = 12615650, upload-time = "2024-09-20T13:09:38.685Z" },
    { url = "https://files.pythonhosted.org/packages/9c/8c/f0fd18f6140ddafc0c24122c8a964e48294acc579d47def376fef12bcb4a/pandas-2.2.3-cp313-cp313t-macosx_11_0_arm64.whl", hash = "sha256:38cf8125c40dae9d5acc10fa66af8ea6fdf760b2714ee482ca691fc66e6fcb18", size = 11290177, upload-time = "2024-09-20T13:09:41.141Z" },
    { url = "https://files.pythonhosted.org/packages/ed/f9/e995754eab9c0f14c6777401f7eece0943840b7a9fc932221c19d1abee9f/pandas-2.2.3-cp313-cp313t-manylinux2014_aarch64.manylinux_2_17_aarch64.whl", hash = "sha256:ba96630bc17c875161df3818780af30e43be9b166ce51c9a18c1feae342906c2", size = 14651526, upload-time = "2024-09-20T19:02:16.905Z" },
    { url = "https://files.pythonhosted.org/packages/25/b0/98d6ae2e1abac4f35230aa756005e8654649d305df9a28b16b9ae4353bff/pandas-2.2.3-cp313-cp313t-manylinux_2_17_x86_64.manylinux2014_x86_64.whl", hash = "sha256:1db71525a1538b30142094edb9adc10be3f3e176748cd7acc2240c2f2e5aa3a4", size = 11871013, upload-time = "2024-09-20T13:09:44.39Z" },
    { url = "https://files.pythonhosted.org/packages/cc/57/0f72a10f9db6a4628744c8e8f0df4e6e21de01212c7c981d31e50ffc8328/pandas-2.2.3-cp313-cp313t-musllinux_1_2_aarch64.whl", hash = "sha256:15c0e1e02e93116177d29ff83e8b1619c93ddc9c49083f237d4312337a61165d", size = 15711620, upload-time = "2024-09-20T19:02:20.639Z" },
    { url = "https://files.pythonhosted.org/packages/ab/5f/b38085618b950b79d2d9164a711c52b10aefc0ae6833b96f626b7021b2ed/pandas-2.2.3-cp313-cp313t-musllinux_1_2_x86_64.whl", hash = "sha256:ad5b65698ab28ed8d7f18790a0dc58005c7629f227be9ecc1072aa74c0c1d43a", size = 13098436, upload-time = "2024-09-20T13:09:48.112Z" },
]

[[package]]
name = "pluggy"
version = "1.5.0"
source = { registry = "https://pypi.org/simple" }
sdist = { url = "https://files.pythonhosted.org/packages/96/2d/02d4312c973c6050a18b314a5ad0b3210edb65a906f868e31c111dede4a6/pluggy-1.5.0.tar.gz", hash = "sha256:2cffa88e94fdc978c4c574f15f9e59b7f4201d439195c3715ca9e2486f1d0cf1", size = 67955, upload-time = "2024-04-20T21:34:42.531Z" }
wheels = [
    { url = "https://files.pythonhosted.org/packages/88/5f/e351af9a41f866ac3f1fac4ca0613908d9a41741cfcf2228f4ad853b697d/pluggy-1.5.0-py3-none-any.whl", hash = "sha256:44e1ad92c8ca002de6377e165f3e0f1be63266ab4d554740532335b9d75ea669", size = 20556, upload-time = "2024-04-20T21:34:40.434Z" },
]

[[package]]
name = "pygments"
version = "2.20.0"
source = { registry = "https://pypi.org/simple" }
sdist = { url = "https://files.pythonhosted.org/packages/c3/b2/bc9c9196916376152d655522fdcebac55e66de6603a76a02bca1b6414f6c/pygments-2.20.0.tar.gz", hash = "sha256:6757cd03768053ff99f3039c1a36d6c0aa0b263438fcab17520b30a303a82b5f", size = 4955991, upload-time = "2026-03-29T13:29:33.898Z" }
wheels = [
    { url = "https://files.pythonhosted.org/packages/f4/7e/a72dd26f3b0f4f2bf1dd8923c85f7ceb43172af56d63c7383eb62b332364/pygments-2.20.0-py3-none-any.whl", hash = "sha256:81a9e26dd42fd28a23a2d169d86d7ac03b46e2f8b59ed4698fb4785f946d0176", size = 1231151, upload-time = "2026-03-29T13:29:30.038Z" },
]

[[package]]
name = "pytest"
version = "9.0.3"
source = { registry = "https://pypi.org/simple" }
dependencies = [
    { name = "colorama", marker = "sys_platform == 'win32'" },
    { name = "iniconfig" },
    { name = "packaging" },
    { name = "pluggy" },
    { name = "pygments" },
]
sdist = { url = "https://files.pythonhosted.org/packages/7d/0d/549bd94f1a0a402dc8cf64563a117c0f3765662e2e668477624baeec44d5/pytest-9.0.3.tar.gz", hash = "sha256:b86ada508af81d19edeb213c681b1d48246c1a91d304c6c81a427674c17eb91c", size = 1572165, upload-time = "2026-04-07T17:16:18.027Z" }
wheels = [
    { url = "https://files.pythonhosted.org/packages/d4/24/a372aaf5c9b7208e7112038812994107bc65a84cd00e0354a88c2c77a617/pytest-9.0.3-py3-none-any.whl", hash = "sha256:2c5efc453d45394fdd706ade797c0a81091eccd1d6e4bccfcd476e2b8e0ab5d9", size = 375249, upload-time = "2026-04-07T17:16:16.13Z" },
]

[[package]]
name = "pytest-cov"
version = "7.1.0"
source = { registry = "https://pypi.org/simple" }
dependencies = [
    { name = "coverage" },
    { name = "pluggy" },
    { name = "pytest" },
]
sdist = { url = "https://files.pythonhosted.org/packages/b1/51/a849f96e117386044471c8ec2bd6cfebacda285da9525c9106aeb28da671/pytest_cov-7.1.0.tar.gz", hash = "sha256:30674f2b5f6351aa09702a9c8c364f6a01c27aae0c1366ae8016160d1efc56b2", size = 55592, upload-time = "2026-03-21T20:11:16.284Z" }
wheels = [
    { url = "https://files.pythonhosted.org/packages/9d/7a/d968e294073affff457b041c2be9868a40c1c71f4a35fcc1e45e5493067b/pytest_cov-7.1.0-py3-none-any.whl", hash = "sha256:a0461110b7865f9a271aa1b51e516c9a95de9d696734a2f71e3e78f46e1d4678", size = 22876, upload-time = "2026-03-21T20:11:14.438Z" },
]

[[package]]
name = "python-analytics"
version = "0.0.1"
source = { editable = "." }
dependencies = [
    { name = "exceptiongroup" },
    { name = "iniconfig" },
    { name = "numpy" },
    { name = "packaging" },
    { name = "pandas" },
    { name = "pluggy" },
    { name = "python-dateutil" },
    { name = "pytz" },
    { name = "six" },
    { name = "tomli" },
    { name = "tzdata" },
]

[package.dev-dependencies]
dev = [
    { name = "coverage" },
    { name = "pytest" },
    { name = "pytest-cov" },
    { name = "ruff" },
]

[package.metadata]
requires-dist = [
    { name = "exceptiongroup", specifier = "==1.2.2" },
    { name = "iniconfig", specifier = "==2.0.0" },
    { name = "numpy", specifier = "==2.2.3" },
    { name = "packaging", specifier = "==24.2" },
    { name = "pandas", specifier = "==2.2.3" },
    { name = "pluggy", specifier = "==1.5.0" },
    { name = "python-dateutil", specifier = "==2.9.0.post0" },
    { name = "pytz", specifier = "==2025.1" },
    { name = "six", specifier = "==1.17.0" },
    { name = "tomli", specifier = "==2.2.1" },
    { name = "tzdata", specifier = "==2025.1" },
]

[package.metadata.requires-dev]
dev = [
    { name = "coverage", specifier = ">=7.14.3" },
    { name = "pytest", specifier = "==9.0.3" },
    { name = "pytest-cov", specifier = ">=7.1.0" },
    { name = "ruff", specifier = "==0.9.10" },
]

[[package]]
name = "python-dateutil"
version = "2.9.0.post0"
source = { registry = "https://pypi.org/simple" }
dependencies = [
    { name = "six" },
]
sdist = { url = "https://files.pythonhosted.org/packages/66/c0/0c8b6ad9f17a802ee498c46e004a0eb49bc148f2fd230864601a86dcf6db/python-dateutil-2.9.0.post0.tar.gz", hash = "sha256:37dd54208da7e1cd875388217d5e00ebd4179249f90fb72437e91a35459a0ad3", size = 342432, upload-time = "2024-03-01T18:36:20.211Z" }
wheels = [
    { url = "https://files.pythonhosted.org/packages/ec/57/56b9bcc3c9c6a792fcbaf139543cee77261f3651ca9da0c93f5c1221264b/python_dateutil-2.9.0.post0-py2.py3-none-any.whl", hash = "sha256:a8b2bc7bffae282281c8140a97d3aa9c14da0b136dfe83f850eea9a5f7470427", size = 229892, upload-time = "2024-03-01T18:36:18.57Z" },
]

[[package]]
name = "pytz"
version = "2025.1"
source = { registry = "https://pypi.org/simple" }
sdist = { url = "https://files.pythonhosted.org/packages/5f/57/df1c9157c8d5a05117e455d66fd7cf6dbc46974f832b1058ed4856785d8a/pytz-2025.1.tar.gz", hash = "sha256:c2db42be2a2518b28e65f9207c4d05e6ff547d1efa4086469ef855e4ab70178e", size = 319617, upload-time = "2025-01-31T01:54:48.615Z" }
wheels = [
    { url = "https://files.pythonhosted.org/packages/eb/38/ac33370d784287baa1c3d538978b5e2ea064d4c1b93ffbd12826c190dd10/pytz-2025.1-py2.py3-none-any.whl", hash = "sha256:89dd22dca55b46eac6eda23b2d72721bf1bdfef212645d81513ef5d03038de57", size = 507930, upload-time = "2025-01-31T01:54:45.634Z" },
]

[[package]]
name = "ruff"
version = "0.9.10"
source = { registry = "https://pypi.org/simple" }
sdist = { url = "https://files.pythonhosted.org/packages/20/8e/fafaa6f15c332e73425d9c44ada85360501045d5ab0b81400076aff27cf6/ruff-0.9.10.tar.gz", hash = "sha256:9bacb735d7bada9cfb0f2c227d3658fc443d90a727b47f206fb33f52f3c0eac7", size = 3759776, upload-time = "2025-03-07T15:27:44.363Z" }
wheels = [
    { url = "https://files.pythonhosted.org/packages/73/b2/af7c2cc9e438cbc19fafeec4f20bfcd72165460fe75b2b6e9a0958c8c62b/ruff-0.9.10-py3-none-linux_armv6l.whl", hash = "sha256:eb4d25532cfd9fe461acc83498361ec2e2252795b4f40b17e80692814329e42d", size = 10049494, upload-time = "2025-03-07T15:26:51.268Z" },
    { url = "https://files.pythonhosted.org/packages/6d/12/03f6dfa1b95ddd47e6969f0225d60d9d7437c91938a310835feb27927ca0/ruff-0.9.10-py3-none-macosx_10_12_x86_64.whl", hash = "sha256:188a6638dab1aa9bb6228a7302387b2c9954e455fb25d6b4470cb0641d16759d", size = 10853584, upload-time = "2025-03-07T15:26:56.104Z" },
    { url = "https://files.pythonhosted.org/packages/02/49/1c79e0906b6ff551fb0894168763f705bf980864739572b2815ecd3c9df0/ruff-0.9.10-py3-none-macosx_11_0_arm64.whl", hash = "sha256:5284dcac6b9dbc2fcb71fdfc26a217b2ca4ede6ccd57476f52a587451ebe450d", size = 10155692, upload-time = "2025-03-07T15:27:01.385Z" },
    { url = "https://files.pythonhosted.org/packages/5b/01/85e8082e41585e0e1ceb11e41c054e9e36fed45f4b210991052d8a75089f/ruff-0.9.10-py3-none-manylinux_2_17_aarch64.manylinux2014_aarch64.whl", hash = "sha256:47678f39fa2a3da62724851107f438c8229a3470f533894b5568a39b40029c0c", size = 10369760, upload-time = "2025-03-07T15:27:04.023Z" },
    { url = "https://files.pythonhosted.org/packages/a1/90/0bc60bd4e5db051f12445046d0c85cc2c617095c0904f1aa81067dc64aea/ruff-0.9.10-py3-none-manylinux_2_17_armv7l.manylinux2014_armv7l.whl", hash = "sha256:99713a6e2766b7a17147b309e8c915b32b07a25c9efd12ada79f217c9c778b3e", size = 9912196, upload-time = "2025-03-07T15:27:06.93Z" },
    { url = "https://files.pythonhosted.org/packages/66/ea/0b7e8c42b1ec608033c4d5a02939c82097ddcb0b3e393e4238584b7054ab/ruff-0.9.10-py3-none-manylinux_2_17_i686.manylinux2014_i686.whl", hash = "sha256:524ee184d92f7c7304aa568e2db20f50c32d1d0caa235d8ddf10497566ea1a12", size = 11434985, upload-time = "2025-03-07T15:27:10.082Z" },
    { url = "https://files.pythonhosted.org/packages/d5/86/3171d1eff893db4f91755175a6e1163c5887be1f1e2f4f6c0c59527c2bfd/ruff-0.9.10-py3-none-manylinux_2_17_ppc64.manylinux2014_ppc64.whl", hash = "sha256:df92aeac30af821f9acf819fc01b4afc3dfb829d2782884f8739fb52a8119a16", size = 12155842, upload-time = "2025-03-07T15:27:12.727Z" },
    { url = "https://files.pythonhosted.org/packages/89/9e/700ca289f172a38eb0bca752056d0a42637fa17b81649b9331786cb791d7/ruff-0.9.10-py3-none-manylinux_2_17_ppc64le.manylinux2014_ppc64le.whl", hash = "sha256:de42e4edc296f520bb84954eb992a07a0ec5a02fecb834498415908469854a52", size = 11613804, upload-time = "2025-03-07T15:27:15.944Z" },
    { url = "https://files.pythonhosted.org/packages/f2/92/648020b3b5db180f41a931a68b1c8575cca3e63cec86fd26807422a0dbad/ruff-0.9.10-py3-none-manylinux_2_17_s390x.manylinux2014_s390x.whl", hash = "sha256:d257f95b65806104b6b1ffca0ea53f4ef98454036df65b1eda3693534813ecd1", size = 13823776, upload-time = "2025-03-07T15:27:18.996Z" },
    { url = "https://files.pythonhosted.org/packages/5e/a6/cc472161cd04d30a09d5c90698696b70c169eeba2c41030344194242db45/ruff-0.9.10-py3-none-manylinux_2_17_x86_64.manylinux2014_x86_64.whl", hash = "sha256:b60dec7201c0b10d6d11be00e8f2dbb6f40ef1828ee75ed739923799513db24c", size = 11302673, upload-time = "2025-03-07T15:27:21.655Z" },
    { url = "https://files.pythonhosted.org/packages/6c/db/d31c361c4025b1b9102b4d032c70a69adb9ee6fde093f6c3bf29f831c85c/ruff-0.9.10-py3-none-musllinux_1_2_aarch64.whl", hash = "sha256:d838b60007da7a39c046fcdd317293d10b845001f38bcb55ba766c3875b01e43", size = 10235358, upload-time = "2025-03-07T15:27:24.72Z" },
    { url = "https://files.pythonhosted.org/packages/d1/86/d6374e24a14d4d93ebe120f45edd82ad7dcf3ef999ffc92b197d81cdc2a5/ruff-0.9.10-py3-none-musllinux_1_2_armv7l.whl", hash = "sha256:ccaf903108b899beb8e09a63ffae5869057ab649c1e9231c05ae354ebc62066c", size = 9886177, upload-time = "2025-03-07T15:27:27.282Z" },
    { url = "https://files.pythonhosted.org/packages/00/62/a61691f6eaaac1e945a1f3f59f1eea9a218513139d5b6c2b8f88b43b5b8f/ruff-0.9.10-py3-none-musllinux_1_2_i686.whl", hash = "sha256:f9567d135265d46e59d62dc60c0bfad10e9a6822e231f5b24032dba5a55be6b5", size = 10864747, upload-time = "2025-03-07T15:27:30.637Z" },
    { url = "https://files.pythonhosted.org/packages/ee/94/2c7065e1d92a8a8a46d46d9c3cf07b0aa7e0a1e0153d74baa5e6620b4102/ruff-0.9.10-py3-none-musllinux_1_2_x86_64.whl", hash = "sha256:5f202f0d93738c28a89f8ed9eaba01b7be339e5d8d642c994347eaa81c6d75b8", size = 11360441, upload-time = "2025-03-07T15:27:33.356Z" },
    { url = "https://files.pythonhosted.org/packages/a7/8f/1f545ea6f9fcd7bf4368551fb91d2064d8f0577b3079bb3f0ae5779fb773/ruff-0.9.10-py3-none-win32.whl", hash = "sha256:bfb834e87c916521ce46b1788fbb8484966e5113c02df216680102e9eb960029", size = 10247401, upload-time = "2025-03-07T15:27:35.994Z" },
    { url = "https://files.pythonhosted.org/packages/4f/18/fb703603ab108e5c165f52f5b86ee2aa9be43bb781703ec87c66a5f5d604/ruff-0.9.10-py3-none-win_amd64.whl", hash = "sha256:f2160eeef3031bf4b17df74e307d4c5fb689a6f3a26a2de3f7ef4044e3c484f1", size = 11366360, upload-time = "2025-03-07T15:27:38.66Z" },
    { url = "https://files.pythonhosted.org/packages/35/85/338e603dc68e7d9994d5d84f24adbf69bae760ba5efd3e20f5ff2cec18da/ruff-0.9.10-py3-none-win_arm64.whl", hash = "sha256:5fd804c0327a5e5ea26615550e706942f348b197d5475ff34c19733aee4b2e69", size = 10436892, upload-time = "2025-03-07T15:27:41.687Z" },
]

[[package]]
name = "six"
version = "1.17.0"
source = { registry = "https://pypi.org/simple" }
sdist = { url = "https://files.pythonhosted.org/packages/94/e7/b2c673351809dca68a0e064b6af791aa332cf192da575fd474ed7d6f16a2/six-1.17.0.tar.gz", hash = "sha256:ff70335d468e7eb6ec65b95b99d3a2836546063f63acc5171de367e834932a81", size = 34031, upload-time = "2024-12-04T17:35:28.174Z" }
wheels = [
    { url = "https://files.pythonhosted.org/packages/b7/ce/149a00dd41f10bc29e5921b496af8b574d8413afcd5e30dfa0ed46c2cc5e/six-1.17.0-py2.py3-none-any.whl", hash = "sha256:4721f391ed90541fddacab5acf947aa0d3dc7d27b2e1e8eda2be8970586c3274", size = 11050, upload-time = "2024-12-04T17:35:26.475Z" },
]

[[package]]
name = "tomli"
version = "2.2.1"
source = { registry = "https://pypi.org/simple" }
sdist = { url = "https://files.pythonhosted.org/packages/18/87/302344fed471e44a87289cf4967697d07e532f2421fdaf868a303cbae4ff/tomli-2.2.1.tar.gz", hash = "sha256:cd45e1dc79c835ce60f7404ec8119f2eb06d38b1deba146f07ced3bbc44505ff", size = 17175, upload-time = "2024-11-27T22:38:36.873Z" }
wheels = [
    { url = "https://files.pythonhosted.org/packages/04/90/2ee5f2e0362cb8a0b6499dc44f4d7d48f8fff06d28ba46e6f1eaa61a1388/tomli-2.2.1-cp313-cp313-macosx_10_13_x86_64.whl", hash = "sha256:f4039b9cbc3048b2416cc57ab3bda989a6fcf9b36cf8937f01a6e731b64f80d7", size = 132708, upload-time = "2024-11-27T22:38:21.659Z" },
    { url = "https://files.pythonhosted.org/packages/c0/ec/46b4108816de6b385141f082ba99e315501ccd0a2ea23db4a100dd3990ea/tomli-2.2.1-cp313-cp313-macosx_11_0_arm64.whl", hash = "sha256:286f0ca2ffeeb5b9bd4fcc8d6c330534323ec51b2f52da063b11c502da16f30c", size = 123582, upload-time = "2024-11-27T22:38:22.693Z" },
    { url = "https://files.pythonhosted.org/packages/a0/bd/b470466d0137b37b68d24556c38a0cc819e8febe392d5b199dcd7f578365/tomli-2.2.1-cp313-cp313-manylinux_2_17_aarch64.manylinux2014_aarch64.whl", hash = "sha256:a92ef1a44547e894e2a17d24e7557a5e85a9e1d0048b0b5e7541f76c5032cb13", size = 232543, upload-time = "2024-11-27T22:38:24.367Z" },
    { url = "https://files.pythonhosted.org/packages/d9/e5/82e80ff3b751373f7cead2815bcbe2d51c895b3c990686741a8e56ec42ab/tomli-2.2.1-cp313-cp313-manylinux_2_17_x86_64.manylinux2014_x86_64.whl", hash = "sha256:9316dc65bed1684c9a98ee68759ceaed29d229e985297003e494aa825ebb0281", size = 241691, upload-time = "2024-11-27T22:38:26.081Z" },
    { url = "https://files.pythonhosted.org/packages/05/7e/2a110bc2713557d6a1bfb06af23dd01e7dde52b6ee7dadc589868f9abfac/tomli-2.2.1-cp313-cp313-manylinux_2_5_i686.manylinux1_i686.manylinux_2_17_i686.manylinux2014_i686.whl", hash = "sha256:e85e99945e688e32d5a35c1ff38ed0b3f41f43fad8df0bdf79f72b2ba7bc5272", size = 251170, upload-time = "2024-11-27T22:38:27.921Z" },
    { url = "https://files.pythonhosted.org/packages/64/7b/22d713946efe00e0adbcdfd6d1aa119ae03fd0b60ebed51ebb3fa9f5a2e5/tomli-2.2.1-cp313-cp313-musllinux_1_2_aarch64.whl", hash = "sha256:ac065718db92ca818f8d6141b5f66369833d4a80a9d74435a268c52bdfa73140", size = 236530, upload-time = "2024-11-27T22:38:29.591Z" },
    { url = "https://files.pythonhosted.org/packages/38/31/3a76f67da4b0cf37b742ca76beaf819dca0ebef26d78fc794a576e08accf/tomli-2.2.1-cp313-cp313-musllinux_1_2_i686.whl", hash = "sha256:d920f33822747519673ee656a4b6ac33e382eca9d331c87770faa3eef562aeb2", size = 258666, upload-time = "2024-11-27T22:38:30.639Z" },
    { url = "https://files.pythonhosted.org/packages/07/10/5af1293da642aded87e8a988753945d0cf7e00a9452d3911dd3bb354c9e2/tomli-2.2.1-cp313-cp313-musllinux_1_2_x86_64.whl", hash = "sha256:a198f10c4d1b1375d7687bc25294306e551bf1abfa4eace6650070a5c1ae2744", size = 243954, upload-time = "2024-11-27T22:38:31.702Z" },
    { url = "https://files.pythonhosted.org/packages/5b/b9/1ed31d167be802da0fc95020d04cd27b7d7065cc6fbefdd2f9186f60d7bd/tomli-2.2.1-cp313-cp313-win32.whl", hash = "sha256:d3f5614314d758649ab2ab3a62d4f2004c825922f9e370b29416484086b264ec", size = 98724, upload-time = "2024-11-27T22:38:32.837Z" },
    { url = "https://files.pythonhosted.org/packages/c7/32/b0963458706accd9afcfeb867c0f9175a741bf7b19cd424230714d722198/tomli-2.2.1-cp313-cp313-win_amd64.whl", hash = "sha256:a38aa0308e754b0e3c67e344754dff64999ff9b513e691d0e786265c93583c69", size = 109383, upload-time = "2024-11-27T22:38:34.455Z" },
    { url = "https://files.pythonhosted.org/packages/6e/c2/61d3e0f47e2b74ef40a68b9e6ad5984f6241a942f7cd3bbfbdbd03861ea9/tomli-2.2.1-py3-none-any.whl", hash = "sha256:cb55c73c5f4408779d0cf3eef9f762b9c9f147a77de7b258bef0a5628adc85cc", size = 14257, upload-time = "2024-11-27T22:38:35.385Z" },
]

[[package]]
name = "tzdata"
version = "2025.1"
source = { registry = "https://pypi.org/simple" }
sdist = { url = "https://files.pythonhosted.org/packages/43/0f/fa4723f22942480be4ca9527bbde8d43f6c3f2fe8412f00e7f5f6746bc8b/tzdata-2025.1.tar.gz", hash = "sha256:24894909e88cdb28bd1636c6887801df64cb485bd593f2fd83ef29075a81d694", size = 194950, upload-time = "2025-01-21T19:49:38.686Z" }
wheels = [
    { url = "https://files.pythonhosted.org/packages/0f/dd/84f10e23edd882c6f968c21c2434fe67bd4a528967067515feca9e611e5e/tzdata-2025.1-py2.py3-none-any.whl", hash = "sha256:7e127113816800496f027041c570f50bcd464a020098a3b6b199517772303639", size = 346762, upload-time = "2025-01-21T19:49:37.187Z" },
]
